// !$*UTF8*$!
{
	archiveVersion = 1;
	classes = {
	};
	objectVersion = 56;
	objects = {

/* Begin PBXBuildFile section */
		AA8126D62B336257002AB615 /* AfricaApp.swift in Sources */ = {isa = PBXBuildFile; fileRef = AA8126D52B336257002AB615 /* AfricaApp.swift */; };
		AA8126D82B336257002AB615 /* ContentView.swift in Sources */ = {isa = PBXBuildFile; fileRef = AA8126D72B336257002AB615 /* ContentView.swift */; };
		AA8126DA2B336259002AB615 /* Assets.xcassets in Resources */ = {isa = PBXBuildFile; fileRef = AA8126D92B336259002AB615 /* Assets.xcassets */; };
		AA8126DD2B336259002AB615 /* Preview Assets.xcassets in Resources */ = {isa = PBXBuildFile; fileRef = AA8126DC2B336259002AB615 /* Preview Assets.xcassets */; };
		AA8127032B33CD76002AB615 /* videos.json in Resources */ = {isa = PBXBuildFile; fileRef = AA8126FF2B33CD76002AB615 /* videos.json */; };
		AA8127042B33CD76002AB615 /* covers.json in Resources */ = {isa = PBXBuildFile; fileRef = AA8127002B33CD76002AB615 /* covers.json */; };
		AA8127052B33CD76002AB615 /* locations.json in Resources */ = {isa = PBXBuildFile; fileRef = AA8127012B33CD76002AB615 /* locations.json */; };
		AA8127062B33CD76002AB615 /* animals.json in Resources */ = {isa = PBXBuildFile; fileRef = AA8127022B33CD76002AB615 /* animals.json */; };
		AA8127082B3D07EC002AB615 /* VideoListView.swift in Sources */ = {isa = PBXBuildFile; fileRef = AA8127072B3D07EC002AB615 /* VideoListView.swift */; };
		AA81270A2B3D07F7002AB615 /* MapView.swift in Sources */ = {isa = PBXBuildFile; fileRef = AA8127092B3D07F7002AB615 /* MapView.swift */; };
		AA81270C2B3D080E002AB615 /* GalleryView.swift in Sources */ = {isa = PBXBuildFile; fileRef = AA81270B2B3D080D002AB615 /* GalleryView.swift */; };
		AA81270E2B3D0841002AB615 /* MainView.swift in Sources */ = {isa = PBXBuildFile; fileRef = AA81270D2B3D0840002AB615 /* MainView.swift */; };
		AA8127112B3E3A6E002AB615 /* CoverImageView.swift in Sources */ = {isa = PBXBuildFile; fileRef = AA8127102B3E3A6E002AB615 /* CoverImageView.swift */; };
		AA8127142B3E4D3F002AB615 /* Cover.swift in Sources */ = {isa = PBXBuildFile; fileRef = AA8127132B3E4D3F002AB615 /* Cover.swift */; };
		AA8127172B3E4E24002AB615 /* CodableBundleExtension.swift in Sources */ = {isa = PBXBuildFile; fileRef = AA8127162B3E4E24002AB615 /* CodableBundleExtension.swift */; };
		AA8127192B44ED60002AB615 /* AnimalListItemView.swift in Sources */ = {isa = PBXBuildFile; fileRef = AA8127182B44ED60002AB615 /* AnimalListItemView.swift */; };
		AA81271B2B44F5F6002AB615 /* Animal.swift in Sources */ = {isa = PBXBuildFile; fileRef = AA81271A2B44F5F6002AB615 /* Animal.swift */; };
		AA81271D2B461E76002AB615 /* AnimalDetailView.swift in Sources */ = {isa = PBXBuildFile; fileRef = AA81271C2B461E76002AB615 /* AnimalDetailView.swift */; };
		AA81271F2B477A34002AB615 /* HeadingView.swift in Sources */ = {isa = PBXBuildFile; fileRef = AA81271E2B477A34002AB615 /* HeadingView.swift */; };
		AA8127212B477CB2002AB615 /* InsetGalleryView.swift in Sources */ = {isa = PBXBuildFile; fileRef = AA8127202B477CB2002AB615 /* InsetGalleryView.swift */; };
		AA8127232B4C6FAD002AB615 /* InsetFactView.swift in Sources */ = {isa = PBXBuildFile; fileRef = AA8127222B4C6FAD002AB615 /* InsetFactView.swift */; };
		AA8127252B4C743A002AB615 /* InsetMapView.swift in Sources */ = {isa = PBXBuildFile; fileRef = AA8127242B4C743A002AB615 /* InsetMapView.swift */; };
		AA8127272B4CCD37002AB615 /* ExternalWebLinkView.swift in Sources */ = {isa = PBXBuildFile; fileRef = AA8127262B4CCD37002AB615 /* ExternalWebLinkView.swift */; };
		AA85AEE32B50BCB0008656FA /* VideoModel.swift in Sources */ = {isa = PBXBuildFile; fileRef = AA85AEE22B50BCAF008656FA /* VideoModel.swift */; };
		AA85AEE52B50BCE7008656FA /* VideoListItemView.swift in Sources */ = {isa = PBXBuildFile; fileRef = AA85AEE42B50BCE7008656FA /* VideoListItemView.swift */; };
		AA85AEE72B5358CB008656FA /* VideoPlayerView.swift in Sources */ = {isa = PBXBuildFile; fileRef = AA85AEE62B5358CB008656FA /* VideoPlayerView.swift */; };
		AA85AEEA2B535F2D008656FA /* VideoPlayerHelper.swift in Sources */ = {isa = PBXBuildFile; fileRef = AA85AEE92B535F2D008656FA /* VideoPlayerHelper.swift */; };
		AA85AF092B536302008656FA /* lioness.mp4 in Resources */ = {isa = PBXBuildFile; fileRef = AA85AEFF2B5362FF008656FA /* lioness.mp4 */; };
		AA85AF0A2B536302008656FA /* ostrich.mp4 in Resources */ = {isa = PBXBuildFile; fileRef = AA85AF002B536300008656FA /* ostrich.mp4 */; };
		AA85AF0B2B536302008656FA /* elephant.mp4 in Resources */ = {isa = PBXBuildFile; fileRef = AA85AF012B536300008656FA /* elephant.mp4 */; };
		AA85AF0C2B536302008656FA /* giraffe.mp4 in Resources */ = {isa = PBXBuildFile; fileRef = AA85AF022B536300008656FA /* giraffe.mp4 */; };
		AA85AF0D2B536302008656FA /* rhino.mp4 in Resources */ = {isa = PBXBuildFile; fileRef = AA85AF032B536300008656FA /* rhino.mp4 */; };
		AA85AF0E2B536302008656FA /* zebra.mp4 in Resources */ = {isa = PBXBuildFile; fileRef = AA85AF042B536301008656FA /* zebra.mp4 */; };
		AA85AF0F2B536302008656FA /* hippo.mp4 in Resources */ = {isa = PBXBuildFile; fileRef = AA85AF052B536301008656FA /* hippo.mp4 */; };
		AA85AF102B536302008656FA /* gorilla.mp4 in Resources */ = {isa = PBXBuildFile; fileRef = AA85AF062B536301008656FA /* gorilla.mp4 */; };
		AA85AF112B536302008656FA /* cheetah.mp4 in Resources */ = {isa = PBXBuildFile; fileRef = AA85AF072B536301008656FA /* cheetah.mp4 */; };
		AA85AF122B536302008656FA /* lion.mp4 in Resources */ = {isa = PBXBuildFile; fileRef = AA85AF082B536301008656FA /* lion.mp4 */; };
		AA85AF142B544819008656FA /* LocationModel.swift in Sources */ = {isa = PBXBuildFile; fileRef = AA85AF132B544819008656FA /* LocationModel.swift */; };
		AA85AF162B5F4DC3008656FA /* MapAnnotationView.swift in Sources */ = {isa = PBXBuildFile; fileRef = AA85AF152B5F4DC3008656FA /* MapAnnotationView.swift */; };
		AA85AF182B61CC3A008656FA /* MotionAnimationView.swift in Sources */ = {isa = PBXBuildFile; fileRef = AA85AF172B61CC3A008656FA /* MotionAnimationView.swift */; };
		AA85AF1A2B64A39B008656FA /* AnimalGridItemView.swift in Sources */ = {isa = PBXBuildFile; fileRef = AA85AF192B64A39B008656FA /* AnimalGridItemView.swift */; };
		AA85AF202B6D85FD008656FA /* Stickers.xcassets in Resources */ = {isa = PBXBuildFile; fileRef = AA85AF1F2B6D85FD008656FA /* Stickers.xcassets */; };
		AA85AF252B6D85FD008656FA /* Stickers.appex in Embed Foundation Extensions */ = {isa = PBXBuildFile; fileRef = AA85AF1D2B6D85F9008656FA /* Stickers.appex */; settings = {ATTRIBUTES = (RemoveHeadersOnCopy, ); }; };
		AA85AF2A2B6DAF6F008656FA /* CreditsView.swift in Sources */ = {isa = PBXBuildFile; fileRef = AA85AF292B6DAF6F008656FA /* CreditsView.swift */; };
		AA85AF2D2B6DB1DE008656FA /* CenterModifier.swift in Sources */ = {isa = PBXBuildFile; fileRef = AA85AF2C2B6DB1DE008656FA /* CenterModifier.swift */; };
/* End PBXBuildFile section */

/* Begin PBXContainerItemProxy section */
		AA85AF222B6D85FD008656FA /* PBXContainerItemProxy */ = {
			isa = PBXContainerItemProxy;
			containerPortal = AA8126CA2B336257002AB615 /* Project object */;
			proxyType = 1;
			remoteGlobalIDString = AA85AF1C2B6D85F9008656FA;
			remoteInfo = Stickers;
		};
/* End PBXContainerItemProxy section */

/* Begin PBXCopyFilesBuildPhase section */
		AA85AF242B6D85FD008656FA /* Embed Foundation Extensions */ = {
			isa = PBXCopyFilesBuildPhase;
			buildActionMask = 2147483647;
			dstPath = "";
			dstSubfolderSpec = 13;
			files = (
				AA85AF252B6D85FD008656FA /* Stickers.appex in Embed Foundation Extensions */,
			);
			name = "Embed Foundation Extensions";
			runOnlyForDeploymentPostprocessing = 0;
		};
/* End PBXCopyFilesBuildPhase section */

/* Begin PBXFileReference section */
		AA8126D22B336257002AB615 /* Africa.app */ = {isa = PBXFileReference; explicitFileType = wrapper.application; includeInIndex = 0; path = Africa.app; sourceTree = BUILT_PRODUCTS_DIR; };
		AA8126D52B336257002AB615 /* AfricaApp.swift */ = {isa = PBXFileReference; lastKnownFileType = sourcecode.swift; path = AfricaApp.swift; sourceTree = "<group>"; };
		AA8126D72B336257002AB615 /* ContentView.swift */ = {isa = PBXFileReference; lastKnownFileType = sourcecode.swift; path = ContentView.swift; sourceTree = "<group>"; };
		AA8126D92B336259002AB615 /* Assets.xcassets */ = {isa = PBXFileReference; lastKnownFileType = folder.assetcatalog; path = Assets.xcassets; sourceTree = "<group>"; };
		AA8126DC2B336259002AB615 /* Preview Assets.xcassets */ = {isa = PBXFileReference; lastKnownFileType = folder.assetcatalog; path = "Preview Assets.xcassets"; sourceTree = "<group>"; };
		AA8126E82B336BA7002AB615 /* Info.plist */ = {isa = PBXFileReference; lastKnownFileType = text.plist; path = Info.plist; sourceTree = "<group>"; };
		AA8126FF2B33CD76002AB615 /* videos.json */ = {isa = PBXFileReference; fileEncoding = 4; lastKnownFileType = text.json; path = videos.json; sourceTree = "<group>"; };
		AA8127002B33CD76002AB615 /* covers.json */ = {isa = PBXFileReference; fileEncoding = 4; lastKnownFileType = text.json; path = covers.json; sourceTree = "<group>"; };
		AA8127012B33CD76002AB615 /* locations.json */ = {isa = PBXFileReference; fileEncoding = 4; lastKnownFileType = text.json; path = locations.json; sourceTree = "<group>"; };
		AA8127022B33CD76002AB615 /* animals.json */ = {isa = PBXFileReference; fileEncoding = 4; lastKnownFileType = text.json; path = animals.json; sourceTree = "<group>"; };
		AA8127072B3D07EC002AB615 /* VideoListView.swift */ = {isa = PBXFileReference; lastKnownFileType = sourcecode.swift; path = VideoListView.swift; sourceTree = "<group>"; };
		AA8127092B3D07F7002AB615 /* MapView.swift */ = {isa = PBXFileReference; lastKnownFileType = sourcecode.swift; path = MapView.swift; sourceTree = "<group>"; };
		AA81270B2B3D080D002AB615 /* GalleryView.swift */ = {isa = PBXFileReference; lastKnownFileType = sourcecode.swift; path = GalleryView.swift; sourceTree = "<group>"; };
		AA81270D2B3D0840002AB615 /* MainView.swift */ = {isa = PBXFileReference; lastKnownFileType = sourcecode.swift; path = MainView.swift; sourceTree = "<group>"; };
		AA8127102B3E3A6E002AB615 /* CoverImageView.swift */ = {isa = PBXFileReference; lastKnownFileType = sourcecode.swift; path = CoverImageView.swift; sourceTree = "<group>"; };
		AA8127132B3E4D3F002AB615 /* Cover.swift */ = {isa = PBXFileReference; lastKnownFileType = sourcecode.swift; path = Cover.swift; sourceTree = "<group>"; };
		AA8127162B3E4E24002AB615 /* CodableBundleExtension.swift */ = {isa = PBXFileReference; lastKnownFileType = sourcecode.swift; path = CodableBundleExtension.swift; sourceTree = "<group>"; };
		AA8127182B44ED60002AB615 /* AnimalListItemView.swift */ = {isa = PBXFileReference; lastKnownFileType = sourcecode.swift; path = AnimalListItemView.swift; sourceTree = "<group>"; };
		AA81271A2B44F5F6002AB615 /* Animal.swift */ = {isa = PBXFileReference; lastKnownFileType = sourcecode.swift; path = Animal.swift; sourceTree = "<group>"; };
		AA81271C2B461E76002AB615 /* AnimalDetailView.swift */ = {isa = PBXFileReference; lastKnownFileType = sourcecode.swift; path = AnimalDetailView.swift; sourceTree = "<group>"; };
		AA81271E2B477A34002AB615 /* HeadingView.swift */ = {isa = PBXFileReference; lastKnownFileType = sourcecode.swift; path = HeadingView.swift; sourceTree = "<group>"; };
		AA8127202B477CB2002AB615 /* InsetGalleryView.swift */ = {isa = PBXFileReference; lastKnownFileType = sourcecode.swift; path = InsetGalleryView.swift; sourceTree = "<group>"; };
		AA8127222B4C6FAD002AB615 /* InsetFactView.swift */ = {isa = PBXFileReference; lastKnownFileType = sourcecode.swift; path = InsetFactView.swift; sourceTree = "<group>"; };
		AA8127242B4C743A002AB615 /* InsetMapView.swift */ = {isa = PBXFileReference; lastKnownFileType = sourcecode.swift; path = InsetMapView.swift; sourceTree = "<group>"; };
		AA8127262B4CCD37002AB615 /* ExternalWebLinkView.swift */ = {isa = PBXFileReference; lastKnownFileType = sourcecode.swift; path = ExternalWebLinkView.swift; sourceTree = "<group>"; };
		AA85AEE22B50BCAF008656FA /* VideoModel.swift */ = {isa = PBXFileReference; lastKnownFileType = sourcecode.swift; path = VideoModel.swift; sourceTree = "<group>"; };
		AA85AEE42B50BCE7008656FA /* VideoListItemView.swift */ = {isa = PBXFileReference; lastKnownFileType = sourcecode.swift; path = VideoListItemView.swift; sourceTree = "<group>"; };
		AA85AEE62B5358CB008656FA /* VideoPlayerView.swift */ = {isa = PBXFileReference; lastKnownFileType = sourcecode.swift; path = VideoPlayerView.swift; sourceTree = "<group>"; };
		AA85AEE92B535F2D008656FA /* VideoPlayerHelper.swift */ = {isa = PBXFileReference; lastKnownFileType = sourcecode.swift; path = VideoPlayerHelper.swift; sourceTree = "<group>"; };
		AA85AEFF2B5362FF008656FA /* lioness.mp4 */ = {isa = PBXFileReference; lastKnownFileType = file; path = lioness.mp4; sourceTree = "<group>"; };
		AA85AF002B536300008656FA /* ostrich.mp4 */ = {isa = PBXFileReference; lastKnownFileType = file; path = ostrich.mp4; sourceTree = "<group>"; };
		AA85AF012B536300008656FA /* elephant.mp4 */ = {isa = PBXFileReference; lastKnownFileType = file; path = elephant.mp4; sourceTree = "<group>"; };
		AA85AF022B536300008656FA /* giraffe.mp4 */ = {isa = PBXFileReference; lastKnownFileType = file; path = giraffe.mp4; sourceTree = "<group>"; };
		AA85AF032B536300008656FA /* rhino.mp4 */ = {isa = PBXFileReference; lastKnownFileType = file; path = rhino.mp4; sourceTree = "<group>"; };
		AA85AF042B536301008656FA /* zebra.mp4 */ = {isa = PBXFileReference; lastKnownFileType = file; path = zebra.mp4; sourceTree = "<group>"; };
		AA85AF052B536301008656FA /* hippo.mp4 */ = {isa = PBXFileReference; lastKnownFileType = file; path = hippo.mp4; sourceTree = "<group>"; };
		AA85AF062B536301008656FA /* gorilla.mp4 */ = {isa = PBXFileReference; lastKnownFileType = file; path = gorilla.mp4; sourceTree = "<group>"; };
		AA85AF072B536301008656FA /* cheetah.mp4 */ = {isa = PBXFileReference; lastKnownFileType = file; path = cheetah.mp4; sourceTree = "<group>"; };
		AA85AF082B536301008656FA /* lion.mp4 */ = {isa = PBXFileReference; lastKnownFileType = file; path = lion.mp4; sourceTree = "<group>"; };
		AA85AF132B544819008656FA /* LocationModel.swift */ = {isa = PBXFileReference; lastKnownFileType = sourcecode.swift; path = LocationModel.swift; sourceTree = "<group>"; };
		AA85AF152B5F4DC3008656FA /* MapAnnotationView.swift */ = {isa = PBXFileReference; lastKnownFileType = sourcecode.swift; path = MapAnnotationView.swift; sourceTree = "<group>"; };
		AA85AF172B61CC3A008656FA /* MotionAnimationView.swift */ = {isa = PBXFileReference; lastKnownFileType = sourcecode.swift; path = MotionAnimationView.swift; sourceTree = "<group>"; };
		AA85AF192B64A39B008656FA /* AnimalGridItemView.swift */ = {isa = PBXFileReference; lastKnownFileType = sourcecode.swift; path = AnimalGridItemView.swift; sourceTree = "<group>"; };
		AA85AF1D2B6D85F9008656FA /* Stickers.appex */ = {isa = PBXFileReference; explicitFileType = "wrapper.app-extension"; includeInIndex = 0; path = Stickers.appex; sourceTree = BUILT_PRODUCTS_DIR; };
		AA85AF1F2B6D85FD008656FA /* Stickers.xcassets */ = {isa = PBXFileReference; lastKnownFileType = folder.assetcatalog; path = Stickers.xcassets; sourceTree = "<group>"; };
		AA85AF212B6D85FD008656FA /* Info.plist */ = {isa = PBXFileReference; lastKnownFileType = text.plist.xml; path = Info.plist; sourceTree = "<group>"; };
		AA85AF292B6DAF6F008656FA /* CreditsView.swift */ = {isa = PBXFileReference; lastKnownFileType = sourcecode.swift; path = CreditsView.swift; sourceTree = "<group>"; };
		AA85AF2C2B6DB1DE008656FA /* CenterModifier.swift */ = {isa = PBXFileReference; lastKnownFileType = sourcecode.swift; path = CenterModifier.swift; sourceTree = "<group>"; };
/* End PBXFileReference section */

/* Begin PBXFrameworksBuildPhase section */
		AA8126CF2B336257002AB615 /* Frameworks */ = {
			isa = PBXFrameworksBuildPhase;
			buildActionMask = 2147483647;
			files = (
			);
			runOnlyForDeploymentPostprocessing = 0;
		};
/* End PBXFrameworksBuildPhase section */

/* Begin PBXGroup section */
		AA8126C92B336257002AB615 = {
			isa = PBXGroup;
			children = (
				AA8126D42B336257002AB615 /* Africa */,
				AA85AF1E2B6D85F9008656FA /* Stickers */,
				AA8126D32B336257002AB615 /* Products */,
			);
			sourceTree = "<group>";
		};
		AA8126D32B336257002AB615 /* Products */ = {
			isa = PBXGroup;
			children = (
				AA8126D22B336257002AB615 /* Africa.app */,
				AA85AF1D2B6D85F9008656FA /* Stickers.appex */,
			);
			name = Products;
			sourceTree = "<group>";
		};
		AA8126D42B336257002AB615 /* Africa */ = {
			isa = PBXGroup;
			children = (
				AA85AF2B2B6DB1D1008656FA /* Modifier */,
				AA85AEE82B535F15008656FA /* Helpers */,
				AA8127152B3E4E07002AB615 /* Extension */,
				AA8127122B3E4D23002AB615 /* Model */,
				AA8126E82B336BA7002AB615 /* Info.plist */,
				AA81270F2B3E3A62002AB615 /* View */,
				AA8126E32B3362B1002AB615 /* App */,
				AA8126E42B3362BD002AB615 /* Resources */,
				AA8126DB2B336259002AB615 /* Preview Content */,
			);
			path = Africa;
			sourceTree = "<group>";
		};
		AA8126DB2B336259002AB615 /* Preview Content */ = {
			isa = PBXGroup;
			children = (
				AA8126DC2B336259002AB615 /* Preview Assets.xcassets */,
			);
			path = "Preview Content";
			sourceTree = "<group>";
		};
		AA8126E32B3362B1002AB615 /* App */ = {
			isa = PBXGroup;
			children = (
				AA8126D72B336257002AB615 /* ContentView.swift */,
				AA8127072B3D07EC002AB615 /* VideoListView.swift */,
				AA81270D2B3D0840002AB615 /* MainView.swift */,
				AA8127092B3D07F7002AB615 /* MapView.swift */,
				AA81270B2B3D080D002AB615 /* GalleryView.swift */,
				AA8126D52B336257002AB615 /* AfricaApp.swift */,
			);
			path = App;
			sourceTree = "<group>";
		};
		AA8126E42B3362BD002AB615 /* Resources */ = {
			isa = PBXGroup;
			children = (
				AA8126EA2B33CD51002AB615 /* Data */,
				AA8126E92B33CD49002AB615 /* Videos */,
				AA8126D92B336259002AB615 /* Assets.xcassets */,
			);
			path = Resources;
			sourceTree = "<group>";
		};
		AA8126E92B33CD49002AB615 /* Videos */ = {
			isa = PBXGroup;
			children = (
				AA85AF072B536301008656FA /* cheetah.mp4 */,
				AA85AF012B536300008656FA /* elephant.mp4 */,
				AA85AF022B536300008656FA /* giraffe.mp4 */,
				AA85AF062B536301008656FA /* gorilla.mp4 */,
				AA85AF052B536301008656FA /* hippo.mp4 */,
				AA85AF082B536301008656FA /* lion.mp4 */,
				AA85AEFF2B5362FF008656FA /* lioness.mp4 */,
				AA85AF002B536300008656FA /* ostrich.mp4 */,
				AA85AF032B536300008656FA /* rhino.mp4 */,
				AA85AF042B536301008656FA /* zebra.mp4 */,
			);
			path = Videos;
			sourceTree = "<group>";
		};
		AA8126EA2B33CD51002AB615 /* Data */ = {
			isa = PBXGroup;
			children = (
				AA8127022B33CD76002AB615 /* animals.json */,
				AA8127002B33CD76002AB615 /* covers.json */,
				AA8127012B33CD76002AB615 /* locations.json */,
				AA8126FF2B33CD76002AB615 /* videos.json */,
			);
			path = Data;
			sourceTree = "<group>";
		};
		AA81270F2B3E3A62002AB615 /* View */ = {
			isa = PBXGroup;
			children = (
				AA8127102B3E3A6E002AB615 /* CoverImageView.swift */,
				AA8127182B44ED60002AB615 /* AnimalListItemView.swift */,
				AA81271C2B461E76002AB615 /* AnimalDetailView.swift */,
				AA81271E2B477A34002AB615 /* HeadingView.swift */,
				AA8127202B477CB2002AB615 /* InsetGalleryView.swift */,
				AA8127222B4C6FAD002AB615 /* InsetFactView.swift */,
				AA8127242B4C743A002AB615 /* InsetMapView.swift */,
				AA8127262B4CCD37002AB615 /* ExternalWebLinkView.swift */,
				AA85AEE42B50BCE7008656FA /* VideoListItemView.swift */,
				AA85AEE62B5358CB008656FA /* VideoPlayerView.swift */,
				AA85AF152B5F4DC3008656FA /* MapAnnotationView.swift */,
				AA85AF172B61CC3A008656FA /* MotionAnimationView.swift */,
				AA85AF192B64A39B008656FA /* AnimalGridItemView.swift */,
				AA85AF292B6DAF6F008656FA /* CreditsView.swift */,
			);
			path = View;
			sourceTree = "<group>";
		};
		AA8127122B3E4D23002AB615 /* Model */ = {
			isa = PBXGroup;
			children = (
				AA8127132B3E4D3F002AB615 /* Cover.swift */,
				AA81271A2B44F5F6002AB615 /* Animal.swift */,
				AA85AEE22B50BCAF008656FA /* VideoModel.swift */,
				AA85AF132B544819008656FA /* LocationModel.swift */,
			);
			path = Model;
			sourceTree = "<group>";
		};
		AA8127152B3E4E07002AB615 /* Extension */ = {
			isa = PBXGroup;
			children = (
				AA8127162B3E4E24002AB615 /* CodableBundleExtension.swift */,
			);
			path = Extension;
			sourceTree = "<group>";
		};
		AA85AEE82B535F15008656FA /* Helpers */ = {
			isa = PBXGroup;
			children = (
				AA85AEE92B535F2D008656FA /* VideoPlayerHelper.swift */,
			);
			path = Helpers;
			sourceTree = "<group>";
		};
		AA85AF1E2B6D85F9008656FA /* Stickers */ = {
			isa = PBXGroup;
			children = (
				AA85AF1F2B6D85FD008656FA /* Stickers.xcassets */,
				AA85AF212B6D85FD008656FA /* Info.plist */,
			);
			path = Stickers;
			sourceTree = "<group>";
		};
		AA85AF2B2B6DB1D1008656FA /* Modifier */ = {
			isa = PBXGroup;
			children = (
				AA85AF2C2B6DB1DE008656FA /* CenterModifier.swift */,
			);
			path = Modifier;
			sourceTree = "<group>";
		};
/* End PBXGroup section */

/* Begin PBXNativeTarget section */
		AA8126D12B336257002AB615 /* Africa */ = {
			isa = PBXNativeTarget;
			buildConfigurationList = AA8126E02B336259002AB615 /* Build configuration list for PBXNativeTarget "Africa" */;
			buildPhases = (
				AA8126CE2B336257002AB615 /* Sources */,
				AA8126CF2B336257002AB615 /* Frameworks */,
				AA8126D02B336257002AB615 /* Resources */,
				AA85AF242B6D85FD008656FA /* Embed Foundation Extensions */,
			);
			buildRules = (
			);
			dependencies = (
				AA85AF232B6D85FD008656FA /* PBXTargetDependency */,
			);
			name = Africa;
			productName = Africa;
			productReference = AA8126D22B336257002AB615 /* Africa.app */;
			productType = "com.apple.product-type.application";
		};
		AA85AF1C2B6D85F9008656FA /* Stickers */ = {
			isa = PBXNativeTarget;
			buildConfigurationList = AA85AF262B6D85FD008656FA /* Build configuration list for PBXNativeTarget "Stickers" */;
			buildPhases = (
				AA85AF1B2B6D85F9008656FA /* Resources */,
			);
			buildRules = (
			);
			dependencies = (
			);
			name = Stickers;
			productName = Stickers;
			productReference = AA85AF1D2B6D85F9008656FA /* Stickers.appex */;
			productType = "com.apple.product-type.app-extension.messages-sticker-pack";
		};
/* End PBXNativeTarget section */

/* Begin PBXProject section */
		AA8126CA2B336257002AB615 /* Project object */ = {
			isa = PBXProject;
			attributes = {
				BuildIndependentTargetsInParallel = 1;
				LastSwiftUpdateCheck = 1510;
				LastUpgradeCheck = 1510;
				TargetAttributes = {
					AA8126D12B336257002AB615 = {
						CreatedOnToolsVersion = 15.1;
					};
					AA85AF1C2B6D85F9008656FA = {
						CreatedOnToolsVersion = 15.1;
					};
				};
			};
			buildConfigurationList = AA8126CD2B336257002AB615 /* Build configuration list for PBXProject "Africa" */;
			compatibilityVersion = "Xcode 14.0";
			developmentRegion = en;
			hasScannedForEncodings = 0;
			knownRegions = (
				en,
				Base,
			);
			mainGroup = AA8126C92B336257002AB615;
			productRefGroup = AA8126D32B336257002AB615 /* Products */;
			projectDirPath = "";
			projectRoot = "";
			targets = (
				AA8126D12B336257002AB615 /* Africa */,
				AA85AF1C2B6D85F9008656FA /* Stickers */,
			);
		};
/* End PBXProject section */

/* Begin PBXResourcesBuildPhase section */
		AA8126D02B336257002AB615 /* Resources */ = {
			isa = PBXResourcesBuildPhase;
			buildActionMask = 2147483647;
			files = (
				AA8126DD2B336259002AB615 /* Preview Assets.xcassets in Resources */,
				AA8126DA2B336259002AB615 /* Assets.xcassets in Resources */,
				AA8127032B33CD76002AB615 /* videos.json in Resources */,
				AA8127052B33CD76002AB615 /* locations.json in Resources */,
				AA85AF0E2B536302008656FA /* zebra.mp4 in Resources */,
				AA85AF0C2B536302008656FA /* giraffe.mp4 in Resources */,
				AA85AF0F2B536302008656FA /* hippo.mp4 in Resources */,
				AA8127042B33CD76002AB615 /* covers.json in Resources */,
				AA85AF092B536302008656FA /* lioness.mp4 in Resources */,
				AA85AF122B536302008656FA /* lion.mp4 in Resources */,
				AA85AF0A2B536302008656FA /* ostrich.mp4 in Resources */,
				AA85AF102B536302008656FA /* gorilla.mp4 in Resources */,
				AA85AF112B536302008656FA /* cheetah.mp4 in Resources */,
				AA8127062B33CD76002AB615 /* animals.json in Resources */,
				AA85AF0D2B536302008656FA /* rhino.mp4 in Resources */,
				AA85AF0B2B536302008656FA /* elephant.mp4 in Resources */,
			);
			runOnlyForDeploymentPostprocessing = 0;
		};
		AA85AF1B2B6D85F9008656FA /* Resources */ = {
			isa = PBXResourcesBuildPhase;
			buildActionMask = 2147483647;
			files = (
				AA85AF202B6D85FD008656FA /* Stickers.xcassets in Resources */,
			);
			runOnlyForDeploymentPostprocessing = 0;
		};
/* End PBXResourcesBuildPhase section */

/* Begin PBXSourcesBuildPhase section */
		AA8126CE2B336257002AB615 /* Sources */ = {
			isa = PBXSourcesBuildPhase;
			buildActionMask = 2147483647;
			files = (
				AA81271B2B44F5F6002AB615 /* Animal.swift in Sources */,
				AA8126D82B336257002AB615 /* ContentView.swift in Sources */,
				AA8127192B44ED60002AB615 /* AnimalListItemView.swift in Sources */,
				AA8127232B4C6FAD002AB615 /* InsetFactView.swift in Sources */,
				AA81270E2B3D0841002AB615 /* MainView.swift in Sources */,
				AA85AEE52B50BCE7008656FA /* VideoListItemView.swift in Sources */,
				AA8127112B3E3A6E002AB615 /* CoverImageView.swift in Sources */,
				AA81271D2B461E76002AB615 /* AnimalDetailView.swift in Sources */,
				AA81270A2B3D07F7002AB615 /* MapView.swift in Sources */,
				AA8126D62B336257002AB615 /* AfricaApp.swift in Sources */,
				AA85AEEA2B535F2D008656FA /* VideoPlayerHelper.swift in Sources */,
				AA8127252B4C743A002AB615 /* InsetMapView.swift in Sources */,
				AA8127142B3E4D3F002AB615 /* Cover.swift in Sources */,
				AA85AF162B5F4DC3008656FA /* MapAnnotationView.swift in Sources */,
				AA8127272B4CCD37002AB615 /* ExternalWebLinkView.swift in Sources */,
				AA8127082B3D07EC002AB615 /* VideoListView.swift in Sources */,
				AA85AEE32B50BCB0008656FA /* VideoModel.swift in Sources */,
				AA85AF142B544819008656FA /* LocationModel.swift in Sources */,
				AA85AF1A2B64A39B008656FA /* AnimalGridItemView.swift in Sources */,
				AA81270C2B3D080E002AB615 /* GalleryView.swift in Sources */,
				AA8127212B477CB2002AB615 /* InsetGalleryView.swift in Sources */,
				AA85AF2A2B6DAF6F008656FA /* CreditsView.swift in Sources */,
				AA8127172B3E4E24002AB615 /* CodableBundleExtension.swift in Sources */,
				AA85AF182B61CC3A008656FA /* MotionAnimationView.swift in Sources */,
				AA85AF2D2B6DB1DE008656FA /* CenterModifier.swift in Sources */,
				AA81271F2B477A34002AB615 /* HeadingView.swift in Sources */,
				AA85AEE72B5358CB008656FA /* VideoPlayerView.swift in Sources */,
			);
			runOnlyForDeploymentPostprocessing = 0;
		};
/* End PBXSourcesBuildPhase section */

/* Begin PBXTargetDependency section */
		AA85AF232B6D85FD008656FA /* PBXTargetDependency */ = {
			isa = PBXTargetDependency;
			target = AA85AF1C2B6D85F9008656FA /* Stickers */;
			targetProxy = AA85AF222B6D85FD008656FA /* PBXContainerItemProxy */;
		};
/* End PBXTargetDependency section */

/* Begin XCBuildConfiguration section */
		AA8126DE2B336259002AB615 /* Debug */ = {
			isa = XCBuildConfiguration;
			buildSettings = {
				ALWAYS_SEARCH_USER_PATHS = NO;
				ASSETCATALOG_COMPILER_GENERATE_SWIFT_ASSET_SYMBOL_EXTENSIONS = YES;
				CLANG_ANALYZER_NONNULL = YES;
				CLANG_ANALYZER_NUMBER_OBJECT_CONVERSION = YES_AGGRESSIVE;
				CLANG_CXX_LANGUAGE_STANDARD = "gnu++20";
				CLANG_ENABLE_MODULES = YES;
				CLANG_ENABLE_OBJC_ARC = YES;
				CLANG_ENABLE_OBJC_WEAK = YES;
				CLANG_WARN_BLOCK_CAPTURE_AUTORELEASING = YES;
				CLANG_WARN_BOOL_CONVERSION = YES;
				CLANG_WARN_COMMA = YES;
				CLANG_WARN_CONSTANT_CONVERSION = YES;
				CLANG_WARN_DEPRECATED_OBJC_IMPLEMENTATIONS = YES;
				CLANG_WARN_DIRECT_OBJC_ISA_USAGE = YES_ERROR;
				CLANG_WARN_DOCUMENTATION_COMMENTS = YES;
				CLANG_WARN_EMPTY_BODY = YES;
				CLANG_WARN_ENUM_CONVERSION = YES;
				CLANG_WARN_INFINITE_RECURSION = YES;
				CLANG_WARN_INT_CONVERSION = YES;
				CLANG_WARN_NON_LITERAL_NULL_CONVERSION = YES;
				CLANG_WARN_OBJC_IMPLICIT_RETAIN_SELF = YES;
				CLANG_WARN_OBJC_LITERAL_CONVERSION = YES;
				CLANG_WARN_OBJC_ROOT_CLASS = YES_ERROR;
				CLANG_WARN_QUOTED_INCLUDE_IN_FRAMEWORK_HEADER = YES;
				CLANG_WARN_RANGE_LOOP_ANALYSIS = YES;
				CLANG_WARN_STRICT_PROTOTYPES = YES;
				CLANG_WARN_SUSPICIOUS_MOVE = YES;
				CLANG_WARN_UNGUARDED_AVAILABILITY = YES_AGGRESSIVE;
				CLANG_WARN_UNREACHABLE_CODE = YES;
				CLANG_WARN__DUPLICATE_METHOD_MATCH = YES;
				COPY_PHASE_STRIP = NO;
				DEBUG_INFORMATION_FORMAT = dwarf;
				ENABLE_STRICT_OBJC_MSGSEND = YES;
				ENABLE_TESTABILITY = YES;
				ENABLE_USER_SCRIPT_SANDBOXING = YES;
				GCC_C_LANGUAGE_STANDARD = gnu17;
				GCC_DYNAMIC_NO_PIC = NO;
				GCC_NO_COMMON_BLOCKS = YES;
				GCC_OPTIMIZATION_LEVEL = 0;
				GCC_PREPROCESSOR_DEFINITIONS = (
					"DEBUG=1",
					"$(inherited)",
				);
				GCC_WARN_64_TO_32_BIT_CONVERSION = YES;
				GCC_WARN_ABOUT_RETURN_TYPE = YES_ERROR;
				GCC_WARN_UNDECLARED_SELECTOR = YES;
				GCC_WARN_UNINITIALIZED_AUTOS = YES_AGGRESSIVE;
				GCC_WARN_UNUSED_FUNCTION = YES;
				GCC_WARN_UNUSED_VARIABLE = YES;
				IPHONEOS_DEPLOYMENT_TARGET = 17.2;
				LOCALIZATION_PREFERS_STRING_CATALOGS = YES;
				MTL_ENABLE_DEBUG_INFO = INCLUDE_SOURCE;
				MTL_FAST_MATH = YES;
				ONLY_ACTIVE_ARCH = YES;
				SDKROOT = iphoneos;
				SWIFT_ACTIVE_COMPILATION_CONDITIONS = "DEBUG $(inherited)";
				SWIFT_OPTIMIZATION_LEVEL = "-Onone";
			};
			name = Debug;
		};
		AA8126DF2B336259002AB615 /* Release */ = {
			isa = XCBuildConfiguration;
			buildSettings = {
				ALWAYS_SEARCH_USER_PATHS = NO;
				ASSETCATALOG_COMPILER_GENERATE_SWIFT_ASSET_SYMBOL_EXTENSIONS = YES;
				CLANG_ANALYZER_NONNULL = YES;
				CLANG_ANALYZER_NUMBER_OBJECT_CONVERSION = YES_AGGRESSIVE;
				CLANG_CXX_LANGUAGE_STANDARD = "gnu++20";
				CLANG_ENABLE_MODULES = YES;
				CLANG_ENABLE_OBJC_ARC = YES;
				CLANG_ENABLE_OBJC_WEAK = YES;
				CLANG_WARN_BLOCK_CAPTURE_AUTORELEASING = YES;
				CLANG_WARN_BOOL_CONVERSION = YES;
				CLANG_WARN_COMMA = YES;
				CLANG_WARN_CONSTANT_CONVERSION = YES;
				CLANG_WARN_DEPRECATED_OBJC_IMPLEMENTATIONS = YES;
				CLANG_WARN_DIRECT_OBJC_ISA_USAGE = YES_ERROR;
				CLANG_WARN_DOCUMENTATION_COMMENTS = YES;
				CLANG_WARN_EMPTY_BODY = YES;
				CLANG_WARN_ENUM_CONVERSION = YES;
				CLANG_WARN_INFINITE_RECURSION = YES;
				CLANG_WARN_INT_CONVERSION = YES;
				CLANG_WARN_NON_LITERAL_NULL_CONVERSION = YES;
				CLANG_WARN_OBJC_IMPLICIT_RETAIN_SELF = YES;
				CLANG_WARN_OBJC_LITERAL_CONVERSION = YES;
				CLANG_WARN_OBJC_ROOT_CLASS = YES_ERROR;
				CLANG_WARN_QUOTED_INCLUDE_IN_FRAMEWORK_HEADER = YES;
				CLANG_WARN_RANGE_LOOP_ANALYSIS = YES;
				CLANG_WARN_STRICT_PROTOTYPES = YES;
				CLANG_WARN_SUSPICIOUS_MOVE = YES;
				CLANG_WARN_UNGUARDED_AVAILABILITY = YES_AGGRESSIVE;
				CLANG_WARN_UNREACHABLE_CODE = YES;
				CLANG_WARN__DUPLICATE_METHOD_MATCH = YES;
				COPY_PHASE_STRIP = NO;
				DEBUG_INFORMATION_FORMAT = "dwarf-with-dsym";
				ENABLE_NS_ASSERTIONS = NO;
				ENABLE_STRICT_OBJC_MSGSEND = YES;
				ENABLE_USER_SCRIPT_SANDBOXING = YES;
				GCC_C_LANGUAGE_STANDARD = gnu17;
				GCC_NO_COMMON_BLOCKS = YES;
				GCC_WARN_64_TO_32_BIT_CONVERSION = YES;
				GCC_WARN_ABOUT_RETURN_TYPE = YES_ERROR;
				GCC_WARN_UNDECLARED_SELECTOR = YES;
				GCC_WARN_UNINITIALIZED_AUTOS = YES_AGGRESSIVE;
				GCC_WARN_UNUSED_FUNCTION = YES;
				GCC_WARN_UNUSED_VARIABLE = YES;
				IPHONEOS_DEPLOYMENT_TARGET = 17.2;
				LOCALIZATION_PREFERS_STRING_CATALOGS = YES;
				MTL_ENABLE_DEBUG_INFO = NO;
				MTL_FAST_MATH = YES;
				SDKROOT = iphoneos;
				SWIFT_COMPILATION_MODE = wholemodule;
				VALIDATE_PRODUCT = YES;
			};
			name = Release;
		};
		AA8126E12B336259002AB615 /* Debug */ = {
			isa = XCBuildConfiguration;
			buildSettings = {
				ASSETCATALOG_COMPILER_APPICON_NAME = AppIcon;
				ASSETCATALOG_COMPILER_GLOBAL_ACCENT_COLOR_NAME = AccentColor;
				CODE_SIGN_STYLE = Automatic;
				CURRENT_PROJECT_VERSION = 1;
				DEVELOPMENT_ASSET_PATHS = "\"Africa/Preview Content\"";
				DEVELOPMENT_TEAM = 9783S9K6GB;
				ENABLE_PREVIEWS = YES;
				GENERATE_INFOPLIST_FILE = YES;
				INFOPLIST_FILE = Africa/Info.plist;
				INFOPLIST_KEY_UIApplicationSceneManifest_Generation = YES;
				INFOPLIST_KEY_UIApplicationSupportsIndirectInputEvents = YES;
				INFOPLIST_KEY_UISupportedInterfaceOrientations_iPad = "UIInterfaceOrientationPortrait UIInterfaceOrientationPortraitUpsideDown UIInterfaceOrientationLandscapeLeft UIInterfaceOrientationLandscapeRight";
				INFOPLIST_KEY_UISupportedInterfaceOrientations_iPhone = "UIInterfaceOrientationPortrait UIInterfaceOrientationLandscapeLeft UIInterfaceOrientationLandscapeRight";
				INFOPLIST_KEY_UIUserInterfaceStyle = Dark;
				LD_RUNPATH_SEARCH_PATHS = (
					"$(inherited)",
					"@executable_path/Frameworks",
				);
				MARKETING_VERSION = 1.0;
				PRODUCT_BUNDLE_IDENTIFIER = com.contedev.Africa;
				PRODUCT_NAME = "$(TARGET_NAME)";
				SWIFT_EMIT_LOC_STRINGS = YES;
				SWIFT_VERSION = 5.0;
				TARGETED_DEVICE_FAMILY = "1,2";
			};
			name = Debug;
		};
		AA8126E22B336259002AB615 /* Release */ = {
			isa = XCBuildConfiguration;
			buildSettings = {
				ASSETCATALOG_COMPILER_APPICON_NAME = AppIcon;
				ASSETCATALOG_COMPILER_GLOBAL_ACCENT_COLOR_NAME = AccentColor;
				CODE_SIGN_STYLE = Automatic;
				CURRENT_PROJECT_VERSION = 1;
				DEVELOPMENT_ASSET_PATHS = "\"Africa/Preview Content\"";
				DEVELOPMENT_TEAM = 9783S9K6GB;
				ENABLE_PREVIEWS = YES;
				GENERATE_INFOPLIST_FILE = YES;
				INFOPLIST_FILE = Africa/Info.plist;
				INFOPLIST_KEY_UIApplicationSceneManifest_Generation = YES;
				INFOPLIST_KEY_UIApplicationSupportsIndirectInputEvents = YES;
				INFOPLIST_KEY_UISupportedInterfaceOrientations_iPad = "UIInterfaceOrientationPortrait UIInterfaceOrientationPortraitUpsideDown UIInterfaceOrientationLandscapeLeft UIInterfaceOrientationLandscapeRight";
				INFOPLIST_KEY_UISupportedInterfaceOrientations_iPhone = "UIInterfaceOrientationPortrait UIInterfaceOrientationLandscapeLeft UIInterfaceOrientationLandscapeRight";
				INFOPLIST_KEY_UIUserInterfaceStyle = Dark;
				LD_RUNPATH_SEARCH_PATHS = (
					"$(inherited)",
					"@executable_path/Frameworks",
				);
				MARKETING_VERSION = 1.0;
				PRODUCT_BUNDLE_IDENTIFIER = com.contedev.Africa;
				PRODUCT_NAME = "$(TARGET_NAME)";
				SWIFT_EMIT_LOC_STRINGS = YES;
				SWIFT_VERSION = 5.0;
				TARGETED_DEVICE_FAMILY = "1,2";
			};
			name = Release;
		};
		AA85AF272B6D85FD008656FA /* Debug */ = {
			isa = XCBuildConfiguration;
			buildSettings = {
				ASSETCATALOG_COMPILER_APPICON_NAME = "iMessage App Icon";
				CODE_SIGN_STYLE = Automatic;
				CURRENT_PROJECT_VERSION = 1;
				DEVELOPMENT_TEAM = 9783S9K6GB;
				GENERATE_INFOPLIST_FILE = YES;
				INFOPLIST_FILE = Stickers/Info.plist;
				INFOPLIST_KEY_NSStickerSharingLevel = OS;
				MARKETING_VERSION = 1.0;
				PRODUCT_BUNDLE_IDENTIFIER = com.contedev.Africa.Stickers;
				PRODUCT_NAME = "$(TARGET_NAME)";
				SKIP_INSTALL = YES;
				SWIFT_EMIT_LOC_STRINGS = YES;
				TARGETED_DEVICE_FAMILY = "1,2";
			};
			name = Debug;
		};
		AA85AF282B6D85FD008656FA /* Release */ = {
			isa = XCBuildConfiguration;
			buildSettings = {
				ASSETCATALOG_COMPILER_APPICON_NAME = "iMessage App Icon";
				CODE_SIGN_STYLE = Automatic;
				CURRENT_PROJECT_VERSION = 1;
				DEVELOPMENT_TEAM = 9783S9K6GB;
				GENERATE_INFOPLIST_FILE = YES;
				INFOPLIST_FILE = Stickers/Info.plist;
				INFOPLIST_KEY_NSStickerSharingLevel = OS;
				MARKETING_VERSION = 1.0;
				PRODUCT_BUNDLE_IDENTIFIER = com.contedev.Africa.Stickers;
				PRODUCT_NAME = "$(TARGET_NAME)";
				SKIP_INSTALL = YES;
				SWIFT_EMIT_LOC_STRINGS = YES;
				TARGETED_DEVICE_FAMILY = "1,2";
			};
			name = Release;
		};
/* End XCBuildConfiguration section */

/* Begin XCConfigurationList section */
		AA8126CD2B336257002AB615 /* Build configuration list for PBXProject "Africa" */ = {
			isa = XCConfigurationList;
			buildConfigurations = (
				AA8126DE2B336259002AB615 /* Debug */,
				AA8126DF2B336259002AB615 /* Release */,
			);
			defaultConfigurationIsVisible = 0;
			defaultConfigurationName = Release;
		};
		AA8126E02B336259002AB615 /* Build configuration list for PBXNativeTarget "Africa" */ = {
			isa = XCConfigurationList;
			buildConfigurations = (
				AA8126E12B336259002AB615 /* Debug */,
				AA8126E22B336259002AB615 /* Release */,
			);
			defaultConfigurationIsVisible = 0;
			defaultConfigurationName = Release;
		};
		AA85AF262B6D85FD008656FA /* Build configuration list for PBXNativeTarget "Stickers" */ = {
			isa = XCConfigurationList;
			buildConfigurations = (
				AA85AF272B6D85FD008656FA /* Debug */,
				AA85AF282B6D85FD008656FA /* Release */,
			);
			defaultConfigurationIsVisible = 0;
			defaultConfigurationName = Release;
		};
/* End XCConfigurationList section */
	};
	rootObject = AA8126CA2B336257002AB615 /* Project object */;
}
